
Microsoft Visual Studio Solution File, Format Version 12.00
# Visual Studio Version 17
VisualStudioVersion = 17.14.36212.18
MinimumVisualStudioVersion = 10.0.40219.1
Project("{FAE04EC0-301F-11D3-BF4B-00C04F79EFBC}") = "MovieApi", "MovieApi\MovieApi.csproj", "{7576B00B-2D59-45F9-A777-57C5B29AC970}"
	ProjectSection(ProjectDependencies) = postProject
		{32170DBE-C02F-44DB-B881-F1E0ECE3F7E8} = {32170DBE-C02F-44DB-B881-F1E0ECE3F7E8}
	EndProjectSection
EndProject
Project("{2150E333-8FDC-42A3-9474-1A3956D46DE8}") = "src", "src", "{02EA681E-C7D8-13C7-8484-4AC65E1B71E8}"
EndProject
Project("{FAE04EC0-301F-11D3-BF4B-00C04F79EFBC}") = "Movies.Core", "Movies.Core\Movies.Core.csproj", "{DD3EE52F-77C5-4E34-BC31-F7BA9E262818}"
EndProject
Project("{FAE04EC0-301F-11D3-BF4B-00C04F79EFBC}") = "Movies.Data", "Movies.Data\Movies.Data.csproj", "{32170DBE-C02F-44DB-B881-F1E0ECE3F7E8}"
	ProjectSection(ProjectDependencies) = postProject
		{DD3EE52F-77C5-4E34-BC31-F7BA9E262818} = {DD3EE52F-77C5-4E34-BC31-F7BA9E262818}
	EndProjectSection
EndProject
Project("{2150E333-8FDC-42A3-9474-1A3956D46DE8}") = "tests", "tests", "{B5D761BF-F18B-45FA-9302-221EFE5EDBD1}"
EndProject
Project("{FAE04EC0-301F-11D3-BF4B-00C04F79EFBC}") = "Controller.Tests", "Controller.Tests\Controller.Tests.csproj", "{C75872A8-57A6-40FF-95A0-E970EEEE7BC6}"
EndProject
Project("{FAE04EC0-301F-11D3-BF4B-00C04F79EFBC}") = "Movies.Services", "Movies.Services\Movies.Services.csproj", "{1CD0B9CC-9287-4D88-8E00-D46203D5DC30}"
EndProject
Global
	GlobalSection(SolutionConfigurationPlatforms) = preSolution
		Debug|Any CPU = Debug|Any CPU
		Release|Any CPU = Release|Any CPU
	EndGlobalSection
	GlobalSection(ProjectConfigurationPlatforms) = postSolution
		{7576B00B-2D59-45F9-A777-57C5B29AC970}.Debug|Any CPU.ActiveCfg = Debug|Any CPU
		{7576B00B-2D59-45F9-A777-57C5B29AC970}.Debug|Any CPU.Build.0 = Debug|Any CPU
		{7576B00B-2D59-45F9-A777-57C5B29AC970}.Release|Any CPU.ActiveCfg = Release|Any CPU
		{7576B00B-2D59-45F9-A777-57C5B29AC970}.Release|Any CPU.Build.0 = Release|Any CPU
		{DD3EE52F-77C5-4E34-BC31-F7BA9E262818}.Debug|Any CPU.ActiveCfg = Debug|Any CPU
		{DD3EE52F-77C5-4E34-BC31-F7BA9E262818}.Debug|Any CPU.Build.0 = Debug|Any CPU
		{DD3EE52F-77C5-4E34-BC31-F7BA9E262818}.Release|Any CPU.ActiveCfg = Release|Any CPU
		{DD3EE52F-77C5-4E34-BC31-F7BA9E262818}.Release|Any CPU.Build.0 = Release|Any CPU
		{32170DBE-C02F-44DB-B881-F1E0ECE3F7E8}.Debug|Any CPU.ActiveCfg = Debug|Any CPU
		{32170DBE-C02F-44DB-B881-F1E0ECE3F7E8}.Debug|Any CPU.Build.0 = Debug|Any CPU
		{32170DBE-C02F-44DB-B881-F1E0ECE3F7E8}.Release|Any CPU.ActiveCfg = Release|Any CPU
		{32170DBE-C02F-44DB-B881-F1E0ECE3F7E8}.Release|Any CPU.Build.0 = Release|Any CPU
		{C75872A8-57A6-40FF-95A0-E970EEEE7BC6}.Debug|Any CPU.ActiveCfg = Debug|Any CPU
		{C75872A8-57A6-40FF-95A0-E970EEEE7BC6}.Debug|Any CPU.Build.0 = Debug|Any CPU
		{C75872A8-57A6-40FF-95A0-E970EEEE7BC6}.Release|Any CPU.ActiveCfg = Release|Any CPU
		{C75872A8-57A6-40FF-95A0-E970EEEE7BC6}.Release|Any CPU.Build.0 = Release|Any CPU
		{1CD0B9CC-9287-4D88-8E00-D46203D5DC30}.Debug|Any CPU.ActiveCfg = Debug|Any CPU
		{1CD0B9CC-9287-4D88-8E00-D46203D5DC30}.Debug|Any CPU.Build.0 = Debug|Any CPU
		{1CD0B9CC-9287-4D88-8E00-D46203D5DC30}.Release|Any CPU.ActiveCfg = Release|Any CPU
		{1CD0B9CC-9287-4D88-8E00-D46203D5DC30}.Release|Any CPU.Build.0 = Release|Any CPU
	EndGlobalSection
	GlobalSection(SolutionProperties) = preSolution
		HideSolutionNode = FALSE
	EndGlobalSection
	GlobalSection(NestedProjects) = preSolution
		{7576B00B-2D59-45F9-A777-57C5B29AC970} = {02EA681E-C7D8-13C7-8484-4AC65E1B71E8}
		{DD3EE52F-77C5-4E34-BC31-F7BA9E262818} = {02EA681E-C7D8-13C7-8484-4AC65E1B71E8}
		{32170DBE-C02F-44DB-B881-F1E0ECE3F7E8} = {02EA681E-C7D8-13C7-8484-4AC65E1B71E8}
		{C75872A8-57A6-40FF-95A0-E970EEEE7BC6} = {B5D761BF-F18B-45FA-9302-221EFE5EDBD1}
		{1CD0B9CC-9287-4D88-8E00-D46203D5DC30} = {02EA681E-C7D8-13C7-8484-4AC65E1B71E8}
	EndGlobalSection
	GlobalSection(ExtensibilityGlobals) = postSolution
		SolutionGuid = {B41BF0BA-0C06-4F9E-B81A-D1B3A42AE9DC}
	EndGlobalSection
EndGlobal
